
Microsoft Visual Studio Solution File, Format Version 11.00
# Visual Studio 2010
Project("{8BC9CEB8-8B4A-11D0-8D11-00A0C91BC942}") = "3d", "3d.vcxproj", "{F3425C10-71CC-453A-9B68-23971194CCBB}"
EndProject
Project("{8BC9CEB8-8B4A-11D0-8D11-00A0C91BC942}") = "event_parameter", "event_parameter.vcxproj", "{718B2E0B-43D9-48DD-A232-C08FE562F38B}"
EndProject
Project("{8BC9CEB8-8B4A-11D0-8D11-00A0C91BC942}") = "load_banks", "load_banks.vcxproj", "{3392DF2E-54A7-46EE-B269-047029F8A1C3}"
EndProject
Project("{8BC9CEB8-8B4A-11D0-8D11-00A0C91BC942}") = "music_callbacks", "music_callbacks.vcxproj", "{9CA70454-3AC5-4C63-B3E3-80512E2AC708}"
EndProject
Project("{8BC9CEB8-8B4A-11D0-8D11-00A0C91BC942}") = "objectpan", "objectpan.vcxproj", "{891C6864-79CD-40C3-ABBD-2B62281DEFEA}"
EndProject
Project("{8BC9CEB8-8B4A-11D0-8D11-00A0C91BC942}") = "programmer_sound", "programmer_sound.vcxproj", "{9B27CE31-51AD-45F9-A77B-7B49D1022CD2}"
EndProject
Project("{8BC9CEB8-8B4A-11D0-8D11-00A0C91BC942}") = "recording_playback", "recording_playback.vcxproj", "{45E223FE-68CA-4FD3-8B4E-3FA1D88BFDDB}"
EndProject
Project("{8BC9CEB8-8B4A-11D0-8D11-00A0C91BC942}") = "simple_event", "simple_event.vcxproj", "{44CC0200-7C34-4CDD-A699-70FF60BA0450}"
EndProject
Global
	GlobalSection(SolutionConfigurationPlatforms) = preSolution
		Debug|Win32 = Debug|Win32
		Debug|x64 = Debug|x64
		Release|Win32 = Release|Win32
		Release|x64 = Release|x64
	EndGlobalSection
	GlobalSection(ProjectConfigurationPlatforms) = postSolution
		{F3425C10-71CC-453A-9B68-23971194CCBB}.Debug|Win32.ActiveCfg = Debug|Win32
		{F3425C10-71CC-453A-9B68-23971194CCBB}.Debug|Win32.Build.0 = Debug|Win32
		{F3425C10-71CC-453A-9B68-23971194CCBB}.Debug|Win32.Deploy.0 = Debug|Win32
		{F3425C10-71CC-453A-9B68-23971194CCBB}.Debug|x64.ActiveCfg = Debug|x64
		{F3425C10-71CC-453A-9B68-23971194CCBB}.Debug|x64.Build.0 = Debug|x64
		{F3425C10-71CC-453A-9B68-23971194CCBB}.Debug|x64.Deploy.0 = Debug|x64
		{F3425C10-71CC-453A-9B68-23971194CCBB}.Release|Win32.ActiveCfg = Release|Win32
		{F3425C10-71CC-453A-9B68-23971194CCBB}.Release|Win32.Build.0 = Release|Win32
		{F3425C10-71CC-453A-9B68-23971194CCBB}.Release|Win32.Deploy.0 = Release|Win32
		{F3425C10-71CC-453A-9B68-23971194CCBB}.Release|x64.ActiveCfg = Release|x64
		{F3425C10-71CC-453A-9B68-23971194CCBB}.Release|x64.Build.0 = Release|x64
		{F3425C10-71CC-453A-9B68-23971194CCBB}.Release|x64.Deploy.0 = Release|x64
		{718B2E0B-43D9-48DD-A232-C08FE562F38B}.Debug|Win32.ActiveCfg = Debug|Win32
		{718B2E0B-43D9-48DD-A232-C08FE562F38B}.Debug|Win32.Build.0 = Debug|Win32
		{718B2E0B-43D9-48DD-A232-C08FE562F38B}.Debug|Win32.Deploy.0 = Debug|Win32
		{718B2E0B-43D9-48DD-A232-C08FE562F38B}.Debug|x64.ActiveCfg = Debug|x64
		{718B2E0B-43D9-48DD-A232-C08FE562F38B}.Debug|x64.Build.0 = Debug|x64
		{718B2E0B-43D9-48DD-A232-C08FE562F38B}.Debug|x64.Deploy.0 = Debug|x64
		{718B2E0B-43D9-48DD-A232-C08FE562F38B}.Release|Win32.ActiveCfg = Release|Win32
		{718B2E0B-43D9-48DD-A232-C08FE562F38B}.Release|Win32.Build.0 = Release|Win32
		{718B2E0B-43D9-48DD-A232-C08FE562F38B}.Release|Win32.Deploy.0 = Release|Win32
		{718B2E0B-43D9-48DD-A232-C08FE562F38B}.Release|x64.ActiveCfg = Release|x64
		{718B2E0B-43D9-48DD-A232-C08FE562F38B}.Release|x64.Build.0 = Release|x64
		{718B2E0B-43D9-48DD-A232-C08FE562F38B}.Release|x64.Deploy.0 = Release|x64
		{3392DF2E-54A7-46EE-B269-047029F8A1C3}.Debug|Win32.ActiveCfg = Debug|Win32
		{3392DF2E-54A7-46EE-B269-047029F8A1C3}.Debug|Win32.Build.0 = Debug|Win32
		{3392DF2E-54A7-46EE-B269-047029F8A1C3}.Debug|Win32.Deploy.0 = Debug|Win32
		{3392DF2E-54A7-46EE-B269-047029F8A1C3}.Debug|x64.ActiveCfg = Debug|x64
		{3392DF2E-54A7-46EE-B269-047029F8A1C3}.Debug|x64.Build.0 = Debug|x64
		{3392DF2E-54A7-46EE-B269-047029F8A1C3}.Debug|x64.Deploy.0 = Debug|x64
		{3392DF2E-54A7-46EE-B269-047029F8A1C3}.Release|Win32.ActiveCfg = Release|Win32
		{3392DF2E-54A7-46EE-B269-047029F8A1C3}.Release|Win32.Build.0 = Release|Win32
		{3392DF2E-54A7-46EE-B269-047029F8A1C3}.Release|Win32.Deploy.0 = Release|Win32
		{3392DF2E-54A7-46EE-B269-047029F8A1C3}.Release|x64.ActiveCfg = Release|x64
		{3392DF2E-54A7-46EE-B269-047029F8A1C3}.Release|x64.Build.0 = Release|x64
		{3392DF2E-54A7-46EE-B269-047029F8A1C3}.Release|x64.Deploy.0 = Release|x64
		{9CA70454-3AC5-4C63-B3E3-80512E2AC708}.Debug|Win32.ActiveCfg = Debug|Win32
		{9CA70454-3AC5-4C63-B3E3-80512E2AC708}.Debug|Win32.Build.0 = Debug|Win32
		{9CA70454-3AC5-4C63-B3E3-80512E2AC708}.Debug|Win32.Deploy.0 = Debug|Win32
		{9CA70454-3AC5-4C63-B3E3-80512E2AC708}.Debug|x64.ActiveCfg = Debug|x64
		{9CA70454-3AC5-4C63-B3E3-80512E2AC708}.Debug|x64.Build.0 = Debug|x64
		{9CA70454-3AC5-4C63-B3E3-80512E2AC708}.Debug|x64.Deploy.0 = Debug|x64
		{9CA70454-3AC5-4C63-B3E3-80512E2AC708}.Release|Win32.ActiveCfg = Release|Win32
		{9CA70454-3AC5-4C63-B3E3-80512E2AC708}.Release|Win32.Build.0 = Release|Win32
		{9CA70454-3AC5-4C63-B3E3-80512E2AC708}.Release|Win32.Deploy.0 = Release|Win32
		{9CA70454-3AC5-4C63-B3E3-80512E2AC708}.Release|x64.ActiveCfg = Release|x64
		{9CA70454-3AC5-4C63-B3E3-80512E2AC708}.Release|x64.Build.0 = Release|x64
		{9CA70454-3AC5-4C63-B3E3-80512E2AC708}.Release|x64.Deploy.0 = Release|x64
		{891C6864-79CD-40C3-ABBD-2B62281DEFEA}.Debug|Win32.ActiveCfg = Debug|Win32
		{891C6864-79CD-40C3-ABBD-2B62281DEFEA}.Debug|Win32.Build.0 = Debug|Win32
		{891C6864-79CD-40C3-ABBD-2B62281DEFEA}.Debug|Win32.Deploy.0 = Debug|Win32
		{891C6864-79CD-40C3-ABBD-2B62281DEFEA}.Debug|x64.ActiveCfg = Debug|x64
		{891C6864-79CD-40C3-ABBD-2B62281DEFEA}.Debug|x64.Build.0 = Debug|x64
		{891C6864-79CD-40C3-ABBD-2B62281DEFEA}.Debug|x64.Deploy.0 = Debug|x64
		{891C6864-79CD-40C3-ABBD-2B62281DEFEA}.Release|Win32.ActiveCfg = Release|Win32
		{891C6864-79CD-40C3-ABBD-2B62281DEFEA}.Release|Win32.Build.0 = Release|Win32
		{891C6864-79CD-40C3-ABBD-2B62281DEFEA}.Release|Win32.Deploy.0 = Release|Win32
		{891C6864-79CD-40C3-ABBD-2B62281DEFEA}.Release|x64.ActiveCfg = Release|x64
		{891C6864-79CD-40C3-ABBD-2B62281DEFEA}.Release|x64.Build.0 = Release|x64
		{891C6864-79CD-40C3-ABBD-2B62281DEFEA}.Release|x64.Deploy.0 = Release|x64
		{9B27CE31-51AD-45F9-A77B-7B49D1022CD2}.Debug|Win32.ActiveCfg = Debug|Win32
		{9B27CE31-51AD-45F9-A77B-7B49D1022CD2}.Debug|Win32.Build.0 = Debug|Win32
		{9B27CE31-51AD-45F9-A77B-7B49D1022CD2}.Debug|Win32.Deploy.0 = Debug|Win32
		{9B27CE31-51AD-45F9-A77B-7B49D1022CD2}.Debug|x64.ActiveCfg = Debug|x64
		{9B27CE31-51AD-45F9-A77B-7B49D1022CD2}.Debug|x64.Build.0 = Debug|x64
		{9B27CE31-51AD-45F9-A77B-7B49D1022CD2}.Debug|x64.Deploy.0 = Debug|x64
		{9B27CE31-51AD-45F9-A77B-7B49D1022CD2}.Release|Win32.ActiveCfg = Release|Win32
		{9B27CE31-51AD-45F9-A77B-7B49D1022CD2}.Release|Win32.Build.0 = Release|Win32
		{9B27CE31-51AD-45F9-A77B-7B49D1022CD2}.Release|Win32.Deploy.0 = Release|Win32
		{9B27CE31-51AD-45F9-A77B-7B49D1022CD2}.Release|x64.ActiveCfg = Release|x64
		{9B27CE31-51AD-45F9-A77B-7B49D1022CD2}.Release|x64.Build.0 = Release|x64
		{9B27CE31-51AD-45F9-A77B-7B49D1022CD2}.Release|x64.Deploy.0 = Release|x64
		{45E223FE-68CA-4FD3-8B4E-3FA1D88BFDDB}.Debug|Win32.ActiveCfg = Debug|Win32
		{45E223FE-68CA-4FD3-8B4E-3FA1D88BFDDB}.Debug|Win32.Build.0 = Debug|Win32
		{45E223FE-68CA-4FD3-8B4E-3FA1D88BFDDB}.Debug|Win32.Deploy.0 = Debug|Win32
		{45E223FE-68CA-4FD3-8B4E-3FA1D88BFDDB}.Debug|x64.ActiveCfg = Debug|x64
		{45E223FE-68CA-4FD3-8B4E-3FA1D88BFDDB}.Debug|x64.Build.0 = Debug|x64
		{45E223FE-68CA-4FD3-8B4E-3FA1D88BFDDB}.Debug|x64.Deploy.0 = Debug|x64
		{45E223FE-68CA-4FD3-8B4E-3FA1D88BFDDB}.Release|Win32.ActiveCfg = Release|Win32
		{45E223FE-68CA-4FD3-8B4E-3FA1D88BFDDB}.Release|Win32.Build.0 = Release|Win32
		{45E223FE-68CA-4FD3-8B4E-3FA1D88BFDDB}.Release|Win32.Deploy.0 = Release|Win32
		{45E223FE-68CA-4FD3-8B4E-3FA1D88BFDDB}.Release|x64.ActiveCfg = Release|x64
		{45E223FE-68CA-4FD3-8B4E-3FA1D88BFDDB}.Release|x64.Build.0 = Release|x64
		{45E223FE-68CA-4FD3-8B4E-3FA1D88BFDDB}.Release|x64.Deploy.0 = Release|x64
		{44CC0200-7C34-4CDD-A699-70FF60BA0450}.Debug|Win32.ActiveCfg = Debug|Win32
		{44CC0200-7C34-4CDD-A699-70FF60BA0450}.Debug|Win32.Build.0 = Debug|Win32
		{44CC0200-7C34-4CDD-A699-70FF60BA0450}.Debug|Win32.Deploy.0 = Debug|Win32
		{44CC0200-7C34-4CDD-A699-70FF60BA0450}.Debug|x64.ActiveCfg = Debug|x64
		{44CC0200-7C34-4CDD-A699-70FF60BA0450}.Debug|x64.Build.0 = Debug|x64
		{44CC0200-7C34-4CDD-A699-70FF60BA0450}.Debug|x64.Deploy.0 = Debug|x64
		{44CC0200-7C34-4CDD-A699-70FF60BA0450}.Release|Win32.ActiveCfg = Release|Win32
		{44CC0200-7C34-4CDD-A699-70FF60BA0450}.Release|Win32.Build.0 = Release|Win32
		{44CC0200-7C34-4CDD-A699-70FF60BA0450}.Release|Win32.Deploy.0 = Release|Win32
		{44CC0200-7C34-4CDD-A699-70FF60BA0450}.Release|x64.ActiveCfg = Release|x64
		{44CC0200-7C34-4CDD-A699-70FF60BA0450}.Release|x64.Build.0 = Release|x64
		{44CC0200-7C34-4CDD-A699-70FF60BA0450}.Release|x64.Deploy.0 = Release|x64
	EndGlobalSection
	GlobalSection(SolutionProperties) = preSolution
		HideSolutionNode = FALSE
	EndGlobalSection
EndGlobal
