
Microsoft Visual Studio Solution File, Format Version 11.00
# Visual Studio 2012
Project("{8BC9CEB8-8B4A-11D0-8D11-00A0C91BC942}") = "3d", "3d.vcxproj", "{EBC0EFB6-BF8C-44ED-8373-69738D39A583}"
EndProject
Project("{8BC9CEB8-8B4A-11D0-8D11-00A0C91BC942}") = "event_parameter", "event_parameter.vcxproj", "{8F346592-6D5E-4EA3-9902-6B173AE4064C}"
EndProject
Project("{8BC9CEB8-8B4A-11D0-8D11-00A0C91BC942}") = "load_banks", "load_banks.vcxproj", "{042D8C8F-C390-4C40-8D22-CCD0C38C747C}"
EndProject
Project("{8BC9CEB8-8B4A-11D0-8D11-00A0C91BC942}") = "music_callbacks", "music_callbacks.vcxproj", "{21D411FA-67F7-4EB7-83C5-88ACE006999B}"
EndProject
Project("{8BC9CEB8-8B4A-11D0-8D11-00A0C91BC942}") = "objectpan", "objectpan.vcxproj", "{64232B5A-F3F4-43A7-8C25-618107824411}"
EndProject
Project("{8BC9CEB8-8B4A-11D0-8D11-00A0C91BC942}") = "programmer_sound", "programmer_sound.vcxproj", "{2DCD7BA6-0BD3-4A2A-B6E3-6280E47D1B72}"
EndProject
Project("{8BC9CEB8-8B4A-11D0-8D11-00A0C91BC942}") = "recording_playback", "recording_playback.vcxproj", "{631AB2BE-52FF-4B1A-BA10-59C8241B95DF}"
EndProject
Project("{8BC9CEB8-8B4A-11D0-8D11-00A0C91BC942}") = "simple_event", "simple_event.vcxproj", "{91180F52-3532-4884-8F68-7D093C34F9D1}"
EndProject
Global
	GlobalSection(SolutionConfigurationPlatforms) = preSolution
		Debug|Win32 = Debug|Win32
		Debug|x64 = Debug|x64
		Release|Win32 = Release|Win32
		Release|x64 = Release|x64
	EndGlobalSection
	GlobalSection(ProjectConfigurationPlatforms) = postSolution
		{EBC0EFB6-BF8C-44ED-8373-69738D39A583}.Debug|Win32.ActiveCfg = Debug|Win32
		{EBC0EFB6-BF8C-44ED-8373-69738D39A583}.Debug|Win32.Build.0 = Debug|Win32
		{EBC0EFB6-BF8C-44ED-8373-69738D39A583}.Debug|Win32.Deploy.0 = Debug|Win32
		{EBC0EFB6-BF8C-44ED-8373-69738D39A583}.Debug|x64.ActiveCfg = Debug|x64
		{EBC0EFB6-BF8C-44ED-8373-69738D39A583}.Debug|x64.Build.0 = Debug|x64
		{EBC0EFB6-BF8C-44ED-8373-69738D39A583}.Debug|x64.Deploy.0 = Debug|x64
		{EBC0EFB6-BF8C-44ED-8373-69738D39A583}.Release|Win32.ActiveCfg = Release|Win32
		{EBC0EFB6-BF8C-44ED-8373-69738D39A583}.Release|Win32.Build.0 = Release|Win32
		{EBC0EFB6-BF8C-44ED-8373-69738D39A583}.Release|Win32.Deploy.0 = Release|Win32
		{EBC0EFB6-BF8C-44ED-8373-69738D39A583}.Release|x64.ActiveCfg = Release|x64
		{EBC0EFB6-BF8C-44ED-8373-69738D39A583}.Release|x64.Build.0 = Release|x64
		{EBC0EFB6-BF8C-44ED-8373-69738D39A583}.Release|x64.Deploy.0 = Release|x64
		{8F346592-6D5E-4EA3-9902-6B173AE4064C}.Debug|Win32.ActiveCfg = Debug|Win32
		{8F346592-6D5E-4EA3-9902-6B173AE4064C}.Debug|Win32.Build.0 = Debug|Win32
		{8F346592-6D5E-4EA3-9902-6B173AE4064C}.Debug|Win32.Deploy.0 = Debug|Win32
		{8F346592-6D5E-4EA3-9902-6B173AE4064C}.Debug|x64.ActiveCfg = Debug|x64
		{8F346592-6D5E-4EA3-9902-6B173AE4064C}.Debug|x64.Build.0 = Debug|x64
		{8F346592-6D5E-4EA3-9902-6B173AE4064C}.Debug|x64.Deploy.0 = Debug|x64
		{8F346592-6D5E-4EA3-9902-6B173AE4064C}.Release|Win32.ActiveCfg = Release|Win32
		{8F346592-6D5E-4EA3-9902-6B173AE4064C}.Release|Win32.Build.0 = Release|Win32
		{8F346592-6D5E-4EA3-9902-6B173AE4064C}.Release|Win32.Deploy.0 = Release|Win32
		{8F346592-6D5E-4EA3-9902-6B173AE4064C}.Release|x64.ActiveCfg = Release|x64
		{8F346592-6D5E-4EA3-9902-6B173AE4064C}.Release|x64.Build.0 = Release|x64
		{8F346592-6D5E-4EA3-9902-6B173AE4064C}.Release|x64.Deploy.0 = Release|x64
		{042D8C8F-C390-4C40-8D22-CCD0C38C747C}.Debug|Win32.ActiveCfg = Debug|Win32
		{042D8C8F-C390-4C40-8D22-CCD0C38C747C}.Debug|Win32.Build.0 = Debug|Win32
		{042D8C8F-C390-4C40-8D22-CCD0C38C747C}.Debug|Win32.Deploy.0 = Debug|Win32
		{042D8C8F-C390-4C40-8D22-CCD0C38C747C}.Debug|x64.ActiveCfg = Debug|x64
		{042D8C8F-C390-4C40-8D22-CCD0C38C747C}.Debug|x64.Build.0 = Debug|x64
		{042D8C8F-C390-4C40-8D22-CCD0C38C747C}.Debug|x64.Deploy.0 = Debug|x64
		{042D8C8F-C390-4C40-8D22-CCD0C38C747C}.Release|Win32.ActiveCfg = Release|Win32
		{042D8C8F-C390-4C40-8D22-CCD0C38C747C}.Release|Win32.Build.0 = Release|Win32
		{042D8C8F-C390-4C40-8D22-CCD0C38C747C}.Release|Win32.Deploy.0 = Release|Win32
		{042D8C8F-C390-4C40-8D22-CCD0C38C747C}.Release|x64.ActiveCfg = Release|x64
		{042D8C8F-C390-4C40-8D22-CCD0C38C747C}.Release|x64.Build.0 = Release|x64
		{042D8C8F-C390-4C40-8D22-CCD0C38C747C}.Release|x64.Deploy.0 = Release|x64
		{21D411FA-67F7-4EB7-83C5-88ACE006999B}.Debug|Win32.ActiveCfg = Debug|Win32
		{21D411FA-67F7-4EB7-83C5-88ACE006999B}.Debug|Win32.Build.0 = Debug|Win32
		{21D411FA-67F7-4EB7-83C5-88ACE006999B}.Debug|Win32.Deploy.0 = Debug|Win32
		{21D411FA-67F7-4EB7-83C5-88ACE006999B}.Debug|x64.ActiveCfg = Debug|x64
		{21D411FA-67F7-4EB7-83C5-88ACE006999B}.Debug|x64.Build.0 = Debug|x64
		{21D411FA-67F7-4EB7-83C5-88ACE006999B}.Debug|x64.Deploy.0 = Debug|x64
		{21D411FA-67F7-4EB7-83C5-88ACE006999B}.Release|Win32.ActiveCfg = Release|Win32
		{21D411FA-67F7-4EB7-83C5-88ACE006999B}.Release|Win32.Build.0 = Release|Win32
		{21D411FA-67F7-4EB7-83C5-88ACE006999B}.Release|Win32.Deploy.0 = Release|Win32
		{21D411FA-67F7-4EB7-83C5-88ACE006999B}.Release|x64.ActiveCfg = Release|x64
		{21D411FA-67F7-4EB7-83C5-88ACE006999B}.Release|x64.Build.0 = Release|x64
		{21D411FA-67F7-4EB7-83C5-88ACE006999B}.Release|x64.Deploy.0 = Release|x64
		{64232B5A-F3F4-43A7-8C25-618107824411}.Debug|Win32.ActiveCfg = Debug|Win32
		{64232B5A-F3F4-43A7-8C25-618107824411}.Debug|Win32.Build.0 = Debug|Win32
		{64232B5A-F3F4-43A7-8C25-618107824411}.Debug|Win32.Deploy.0 = Debug|Win32
		{64232B5A-F3F4-43A7-8C25-618107824411}.Debug|x64.ActiveCfg = Debug|x64
		{64232B5A-F3F4-43A7-8C25-618107824411}.Debug|x64.Build.0 = Debug|x64
		{64232B5A-F3F4-43A7-8C25-618107824411}.Debug|x64.Deploy.0 = Debug|x64
		{64232B5A-F3F4-43A7-8C25-618107824411}.Release|Win32.ActiveCfg = Release|Win32
		{64232B5A-F3F4-43A7-8C25-618107824411}.Release|Win32.Build.0 = Release|Win32
		{64232B5A-F3F4-43A7-8C25-618107824411}.Release|Win32.Deploy.0 = Release|Win32
		{64232B5A-F3F4-43A7-8C25-618107824411}.Release|x64.ActiveCfg = Release|x64
		{64232B5A-F3F4-43A7-8C25-618107824411}.Release|x64.Build.0 = Release|x64
		{64232B5A-F3F4-43A7-8C25-618107824411}.Release|x64.Deploy.0 = Release|x64
		{2DCD7BA6-0BD3-4A2A-B6E3-6280E47D1B72}.Debug|Win32.ActiveCfg = Debug|Win32
		{2DCD7BA6-0BD3-4A2A-B6E3-6280E47D1B72}.Debug|Win32.Build.0 = Debug|Win32
		{2DCD7BA6-0BD3-4A2A-B6E3-6280E47D1B72}.Debug|Win32.Deploy.0 = Debug|Win32
		{2DCD7BA6-0BD3-4A2A-B6E3-6280E47D1B72}.Debug|x64.ActiveCfg = Debug|x64
		{2DCD7BA6-0BD3-4A2A-B6E3-6280E47D1B72}.Debug|x64.Build.0 = Debug|x64
		{2DCD7BA6-0BD3-4A2A-B6E3-6280E47D1B72}.Debug|x64.Deploy.0 = Debug|x64
		{2DCD7BA6-0BD3-4A2A-B6E3-6280E47D1B72}.Release|Win32.ActiveCfg = Release|Win32
		{2DCD7BA6-0BD3-4A2A-B6E3-6280E47D1B72}.Release|Win32.Build.0 = Release|Win32
		{2DCD7BA6-0BD3-4A2A-B6E3-6280E47D1B72}.Release|Win32.Deploy.0 = Release|Win32
		{2DCD7BA6-0BD3-4A2A-B6E3-6280E47D1B72}.Release|x64.ActiveCfg = Release|x64
		{2DCD7BA6-0BD3-4A2A-B6E3-6280E47D1B72}.Release|x64.Build.0 = Release|x64
		{2DCD7BA6-0BD3-4A2A-B6E3-6280E47D1B72}.Release|x64.Deploy.0 = Release|x64
		{631AB2BE-52FF-4B1A-BA10-59C8241B95DF}.Debug|Win32.ActiveCfg = Debug|Win32
		{631AB2BE-52FF-4B1A-BA10-59C8241B95DF}.Debug|Win32.Build.0 = Debug|Win32
		{631AB2BE-52FF-4B1A-BA10-59C8241B95DF}.Debug|Win32.Deploy.0 = Debug|Win32
		{631AB2BE-52FF-4B1A-BA10-59C8241B95DF}.Debug|x64.ActiveCfg = Debug|x64
		{631AB2BE-52FF-4B1A-BA10-59C8241B95DF}.Debug|x64.Build.0 = Debug|x64
		{631AB2BE-52FF-4B1A-BA10-59C8241B95DF}.Debug|x64.Deploy.0 = Debug|x64
		{631AB2BE-52FF-4B1A-BA10-59C8241B95DF}.Release|Win32.ActiveCfg = Release|Win32
		{631AB2BE-52FF-4B1A-BA10-59C8241B95DF}.Release|Win32.Build.0 = Release|Win32
		{631AB2BE-52FF-4B1A-BA10-59C8241B95DF}.Release|Win32.Deploy.0 = Release|Win32
		{631AB2BE-52FF-4B1A-BA10-59C8241B95DF}.Release|x64.ActiveCfg = Release|x64
		{631AB2BE-52FF-4B1A-BA10-59C8241B95DF}.Release|x64.Build.0 = Release|x64
		{631AB2BE-52FF-4B1A-BA10-59C8241B95DF}.Release|x64.Deploy.0 = Release|x64
		{91180F52-3532-4884-8F68-7D093C34F9D1}.Debug|Win32.ActiveCfg = Debug|Win32
		{91180F52-3532-4884-8F68-7D093C34F9D1}.Debug|Win32.Build.0 = Debug|Win32
		{91180F52-3532-4884-8F68-7D093C34F9D1}.Debug|Win32.Deploy.0 = Debug|Win32
		{91180F52-3532-4884-8F68-7D093C34F9D1}.Debug|x64.ActiveCfg = Debug|x64
		{91180F52-3532-4884-8F68-7D093C34F9D1}.Debug|x64.Build.0 = Debug|x64
		{91180F52-3532-4884-8F68-7D093C34F9D1}.Debug|x64.Deploy.0 = Debug|x64
		{91180F52-3532-4884-8F68-7D093C34F9D1}.Release|Win32.ActiveCfg = Release|Win32
		{91180F52-3532-4884-8F68-7D093C34F9D1}.Release|Win32.Build.0 = Release|Win32
		{91180F52-3532-4884-8F68-7D093C34F9D1}.Release|Win32.Deploy.0 = Release|Win32
		{91180F52-3532-4884-8F68-7D093C34F9D1}.Release|x64.ActiveCfg = Release|x64
		{91180F52-3532-4884-8F68-7D093C34F9D1}.Release|x64.Build.0 = Release|x64
		{91180F52-3532-4884-8F68-7D093C34F9D1}.Release|x64.Deploy.0 = Release|x64
	EndGlobalSection
	GlobalSection(SolutionProperties) = preSolution
		HideSolutionNode = FALSE
	EndGlobalSection
EndGlobal
