
Microsoft Visual Studio Solution File, Format Version 11.00
# Visual Studio 2010
Project("{8BC9CEB8-8B4A-11D0-8D11-00A0C91BC942}") = "3d", "3d.vcxproj", "{65BB8243-D613-46D8-87CA-C42F93A18529}"
EndProject
Project("{8BC9CEB8-8B4A-11D0-8D11-00A0C91BC942}") = "asyncio", "asyncio.vcxproj", "{6A2C6C5D-E5CD-48BA-A585-03505DC4B5C2}"
EndProject
Project("{8BC9CEB8-8B4A-11D0-8D11-00A0C91BC942}") = "channel_groups", "channel_groups.vcxproj", "{43C62E52-93B1-42A2-B4E5-05125A1B4631}"
EndProject
Project("{8BC9CEB8-8B4A-11D0-8D11-00A0C91BC942}") = "convolution_reverb", "convolution_reverb.vcxproj", "{E607DB9A-FD2C-4B1F-A985-A828BD047877}"
EndProject
Project("{8BC9CEB8-8B4A-11D0-8D11-00A0C91BC942}") = "dsp_custom", "dsp_custom.vcxproj", "{BC2F9DD0-0825-41B0-8294-2E4F5A329CC8}"
EndProject
Project("{8BC9CEB8-8B4A-11D0-8D11-00A0C91BC942}") = "dsp_effect_per_speaker", "dsp_effect_per_speaker.vcxproj", "{687B706B-8E33-4E1C-A8C9-16E4E643DD51}"
EndProject
Project("{8BC9CEB8-8B4A-11D0-8D11-00A0C91BC942}") = "dsp_inspector", "dsp_inspector.vcxproj", "{698D31C8-CB6E-4987-9CE1-7A214DE071F0}"
EndProject
Project("{8BC9CEB8-8B4A-11D0-8D11-00A0C91BC942}") = "effects", "effects.vcxproj", "{F62A7981-1287-440C-A4E8-3E50B4FAD418}"
EndProject
Project("{8BC9CEB8-8B4A-11D0-8D11-00A0C91BC942}") = "gapless_playback", "gapless_playback.vcxproj", "{65B87879-8DC7-471F-B59D-74F80B3AF4B9}"
EndProject
Project("{8BC9CEB8-8B4A-11D0-8D11-00A0C91BC942}") = "generate_tone", "generate_tone.vcxproj", "{4EAC5DF1-655F-40BC-806A-988848E99651}"
EndProject
Project("{8BC9CEB8-8B4A-11D0-8D11-00A0C91BC942}") = "granular_synth", "granular_synth.vcxproj", "{6807BD47-35A4-4CEC-AE52-9F33D8279D8E}"
EndProject
Project("{8BC9CEB8-8B4A-11D0-8D11-00A0C91BC942}") = "load_from_memory", "load_from_memory.vcxproj", "{0E393A7C-F918-4667-978F-EFEE1A1420B1}"
EndProject
Project("{8BC9CEB8-8B4A-11D0-8D11-00A0C91BC942}") = "multiple_speaker", "multiple_speaker.vcxproj", "{AC48A1C1-6857-4F56-9CFD-B5F2161E48F9}"
EndProject
Project("{8BC9CEB8-8B4A-11D0-8D11-00A0C91BC942}") = "multiple_system", "multiple_system.vcxproj", "{DD1BC971-E4B9-4108-A505-F94FFAD3037C}"
EndProject
Project("{8BC9CEB8-8B4A-11D0-8D11-00A0C91BC942}") = "net_stream", "net_stream.vcxproj", "{5B8DFFBF-EC34-40E7-9A35-B13B3EA12551}"
EndProject
Project("{8BC9CEB8-8B4A-11D0-8D11-00A0C91BC942}") = "play_sound", "play_sound.vcxproj", "{D35D3850-91C1-487D-8650-595B650C2671}"
EndProject
Project("{8BC9CEB8-8B4A-11D0-8D11-00A0C91BC942}") = "play_stream", "play_stream.vcxproj", "{96FDFDDC-5B87-4822-AA9B-1E2A2EC82AC1}"
EndProject
Project("{8BC9CEB8-8B4A-11D0-8D11-00A0C91BC942}") = "record", "record.vcxproj", "{3156CEB9-C2CC-4C43-904E-A277F092E496}"
EndProject
Project("{8BC9CEB8-8B4A-11D0-8D11-00A0C91BC942}") = "record_enumeration", "record_enumeration.vcxproj", "{29E824D0-BA8B-4BA2-A74C-15875595BF3C}"
EndProject
Project("{8BC9CEB8-8B4A-11D0-8D11-00A0C91BC942}") = "user_created_sound", "user_created_sound.vcxproj", "{CEE4368C-211F-4998-99D2-0428A529D4B1}"
EndProject
Project("{8BC9CEB8-8B4A-11D0-8D11-00A0C91BC942}") = "fmod_codec_raw", "fmod_codec_raw.vcxproj", "{D5120F50-55FE-4E2D-8088-19C6B0816778}"
EndProject
Project("{8BC9CEB8-8B4A-11D0-8D11-00A0C91BC942}") = "fmod_distance_filter", "fmod_distance_filter.vcxproj", "{C9E3DEC2-3EDC-4B8E-9B27-0FA682F52810}"
EndProject
Project("{8BC9CEB8-8B4A-11D0-8D11-00A0C91BC942}") = "fmod_gain", "fmod_gain.vcxproj", "{1C8AB887-A2D8-4AF8-8152-827169D409FD}"
EndProject
Project("{8BC9CEB8-8B4A-11D0-8D11-00A0C91BC942}") = "fmod_noise", "fmod_noise.vcxproj", "{FA2B0298-EEEF-422F-809B-9CE482074A17}"
EndProject
Project("{8BC9CEB8-8B4A-11D0-8D11-00A0C91BC942}") = "output_mp3", "output_mp3.vcxproj", "{85C250EA-CAF6-44A7-BCA9-079BC0D2916E}"
EndProject
Global
	GlobalSection(SolutionConfigurationPlatforms) = preSolution
		Debug|Win32 = Debug|Win32
		Debug|x64 = Debug|x64
		Release|Win32 = Release|Win32
		Release|x64 = Release|x64
	EndGlobalSection
	GlobalSection(ProjectConfigurationPlatforms) = postSolution
		{65BB8243-D613-46D8-87CA-C42F93A18529}.Debug|Win32.ActiveCfg = Debug|Win32
		{65BB8243-D613-46D8-87CA-C42F93A18529}.Debug|Win32.Build.0 = Debug|Win32
		{65BB8243-D613-46D8-87CA-C42F93A18529}.Debug|Win32.Deploy.0 = Debug|Win32
		{65BB8243-D613-46D8-87CA-C42F93A18529}.Debug|x64.ActiveCfg = Debug|x64
		{65BB8243-D613-46D8-87CA-C42F93A18529}.Debug|x64.Build.0 = Debug|x64
		{65BB8243-D613-46D8-87CA-C42F93A18529}.Debug|x64.Deploy.0 = Debug|x64
		{65BB8243-D613-46D8-87CA-C42F93A18529}.Release|Win32.ActiveCfg = Release|Win32
		{65BB8243-D613-46D8-87CA-C42F93A18529}.Release|Win32.Build.0 = Release|Win32
		{65BB8243-D613-46D8-87CA-C42F93A18529}.Release|Win32.Deploy.0 = Release|Win32
		{65BB8243-D613-46D8-87CA-C42F93A18529}.Release|x64.ActiveCfg = Release|x64
		{65BB8243-D613-46D8-87CA-C42F93A18529}.Release|x64.Build.0 = Release|x64
		{65BB8243-D613-46D8-87CA-C42F93A18529}.Release|x64.Deploy.0 = Release|x64
		{6A2C6C5D-E5CD-48BA-A585-03505DC4B5C2}.Debug|Win32.ActiveCfg = Debug|Win32
		{6A2C6C5D-E5CD-48BA-A585-03505DC4B5C2}.Debug|Win32.Build.0 = Debug|Win32
		{6A2C6C5D-E5CD-48BA-A585-03505DC4B5C2}.Debug|Win32.Deploy.0 = Debug|Win32
		{6A2C6C5D-E5CD-48BA-A585-03505DC4B5C2}.Debug|x64.ActiveCfg = Debug|x64
		{6A2C6C5D-E5CD-48BA-A585-03505DC4B5C2}.Debug|x64.Build.0 = Debug|x64
		{6A2C6C5D-E5CD-48BA-A585-03505DC4B5C2}.Debug|x64.Deploy.0 = Debug|x64
		{6A2C6C5D-E5CD-48BA-A585-03505DC4B5C2}.Release|Win32.ActiveCfg = Release|Win32
		{6A2C6C5D-E5CD-48BA-A585-03505DC4B5C2}.Release|Win32.Build.0 = Release|Win32
		{6A2C6C5D-E5CD-48BA-A585-03505DC4B5C2}.Release|Win32.Deploy.0 = Release|Win32
		{6A2C6C5D-E5CD-48BA-A585-03505DC4B5C2}.Release|x64.ActiveCfg = Release|x64
		{6A2C6C5D-E5CD-48BA-A585-03505DC4B5C2}.Release|x64.Build.0 = Release|x64
		{6A2C6C5D-E5CD-48BA-A585-03505DC4B5C2}.Release|x64.Deploy.0 = Release|x64
		{43C62E52-93B1-42A2-B4E5-05125A1B4631}.Debug|Win32.ActiveCfg = Debug|Win32
		{43C62E52-93B1-42A2-B4E5-05125A1B4631}.Debug|Win32.Build.0 = Debug|Win32
		{43C62E52-93B1-42A2-B4E5-05125A1B4631}.Debug|Win32.Deploy.0 = Debug|Win32
		{43C62E52-93B1-42A2-B4E5-05125A1B4631}.Debug|x64.ActiveCfg = Debug|x64
		{43C62E52-93B1-42A2-B4E5-05125A1B4631}.Debug|x64.Build.0 = Debug|x64
		{43C62E52-93B1-42A2-B4E5-05125A1B4631}.Debug|x64.Deploy.0 = Debug|x64
		{43C62E52-93B1-42A2-B4E5-05125A1B4631}.Release|Win32.ActiveCfg = Release|Win32
		{43C62E52-93B1-42A2-B4E5-05125A1B4631}.Release|Win32.Build.0 = Release|Win32
		{43C62E52-93B1-42A2-B4E5-05125A1B4631}.Release|Win32.Deploy.0 = Release|Win32
		{43C62E52-93B1-42A2-B4E5-05125A1B4631}.Release|x64.ActiveCfg = Release|x64
		{43C62E52-93B1-42A2-B4E5-05125A1B4631}.Release|x64.Build.0 = Release|x64
		{43C62E52-93B1-42A2-B4E5-05125A1B4631}.Release|x64.Deploy.0 = Release|x64
		{E607DB9A-FD2C-4B1F-A985-A828BD047877}.Debug|Win32.ActiveCfg = Debug|Win32
		{E607DB9A-FD2C-4B1F-A985-A828BD047877}.Debug|Win32.Build.0 = Debug|Win32
		{E607DB9A-FD2C-4B1F-A985-A828BD047877}.Debug|Win32.Deploy.0 = Debug|Win32
		{E607DB9A-FD2C-4B1F-A985-A828BD047877}.Debug|x64.ActiveCfg = Debug|x64
		{E607DB9A-FD2C-4B1F-A985-A828BD047877}.Debug|x64.Build.0 = Debug|x64
		{E607DB9A-FD2C-4B1F-A985-A828BD047877}.Debug|x64.Deploy.0 = Debug|x64
		{E607DB9A-FD2C-4B1F-A985-A828BD047877}.Release|Win32.ActiveCfg = Release|Win32
		{E607DB9A-FD2C-4B1F-A985-A828BD047877}.Release|Win32.Build.0 = Release|Win32
		{E607DB9A-FD2C-4B1F-A985-A828BD047877}.Release|Win32.Deploy.0 = Release|Win32
		{E607DB9A-FD2C-4B1F-A985-A828BD047877}.Release|x64.ActiveCfg = Release|x64
		{E607DB9A-FD2C-4B1F-A985-A828BD047877}.Release|x64.Build.0 = Release|x64
		{E607DB9A-FD2C-4B1F-A985-A828BD047877}.Release|x64.Deploy.0 = Release|x64
		{BC2F9DD0-0825-41B0-8294-2E4F5A329CC8}.Debug|Win32.ActiveCfg = Debug|Win32
		{BC2F9DD0-0825-41B0-8294-2E4F5A329CC8}.Debug|Win32.Build.0 = Debug|Win32
		{BC2F9DD0-0825-41B0-8294-2E4F5A329CC8}.Debug|Win32.Deploy.0 = Debug|Win32
		{BC2F9DD0-0825-41B0-8294-2E4F5A329CC8}.Debug|x64.ActiveCfg = Debug|x64
		{BC2F9DD0-0825-41B0-8294-2E4F5A329CC8}.Debug|x64.Build.0 = Debug|x64
		{BC2F9DD0-0825-41B0-8294-2E4F5A329CC8}.Debug|x64.Deploy.0 = Debug|x64
		{BC2F9DD0-0825-41B0-8294-2E4F5A329CC8}.Release|Win32.ActiveCfg = Release|Win32
		{BC2F9DD0-0825-41B0-8294-2E4F5A329CC8}.Release|Win32.Build.0 = Release|Win32
		{BC2F9DD0-0825-41B0-8294-2E4F5A329CC8}.Release|Win32.Deploy.0 = Release|Win32
		{BC2F9DD0-0825-41B0-8294-2E4F5A329CC8}.Release|x64.ActiveCfg = Release|x64
		{BC2F9DD0-0825-41B0-8294-2E4F5A329CC8}.Release|x64.Build.0 = Release|x64
		{BC2F9DD0-0825-41B0-8294-2E4F5A329CC8}.Release|x64.Deploy.0 = Release|x64
		{687B706B-8E33-4E1C-A8C9-16E4E643DD51}.Debug|Win32.ActiveCfg = Debug|Win32
		{687B706B-8E33-4E1C-A8C9-16E4E643DD51}.Debug|Win32.Build.0 = Debug|Win32
		{687B706B-8E33-4E1C-A8C9-16E4E643DD51}.Debug|Win32.Deploy.0 = Debug|Win32
		{687B706B-8E33-4E1C-A8C9-16E4E643DD51}.Debug|x64.ActiveCfg = Debug|x64
		{687B706B-8E33-4E1C-A8C9-16E4E643DD51}.Debug|x64.Build.0 = Debug|x64
		{687B706B-8E33-4E1C-A8C9-16E4E643DD51}.Debug|x64.Deploy.0 = Debug|x64
		{687B706B-8E33-4E1C-A8C9-16E4E643DD51}.Release|Win32.ActiveCfg = Release|Win32
		{687B706B-8E33-4E1C-A8C9-16E4E643DD51}.Release|Win32.Build.0 = Release|Win32
		{687B706B-8E33-4E1C-A8C9-16E4E643DD51}.Release|Win32.Deploy.0 = Release|Win32
		{687B706B-8E33-4E1C-A8C9-16E4E643DD51}.Release|x64.ActiveCfg = Release|x64
		{687B706B-8E33-4E1C-A8C9-16E4E643DD51}.Release|x64.Build.0 = Release|x64
		{687B706B-8E33-4E1C-A8C9-16E4E643DD51}.Release|x64.Deploy.0 = Release|x64
		{698D31C8-CB6E-4987-9CE1-7A214DE071F0}.Debug|Win32.ActiveCfg = Debug|Win32
		{698D31C8-CB6E-4987-9CE1-7A214DE071F0}.Debug|Win32.Build.0 = Debug|Win32
		{698D31C8-CB6E-4987-9CE1-7A214DE071F0}.Debug|Win32.Deploy.0 = Debug|Win32
		{698D31C8-CB6E-4987-9CE1-7A214DE071F0}.Debug|x64.ActiveCfg = Debug|x64
		{698D31C8-CB6E-4987-9CE1-7A214DE071F0}.Debug|x64.Build.0 = Debug|x64
		{698D31C8-CB6E-4987-9CE1-7A214DE071F0}.Debug|x64.Deploy.0 = Debug|x64
		{698D31C8-CB6E-4987-9CE1-7A214DE071F0}.Release|Win32.ActiveCfg = Release|Win32
		{698D31C8-CB6E-4987-9CE1-7A214DE071F0}.Release|Win32.Build.0 = Release|Win32
		{698D31C8-CB6E-4987-9CE1-7A214DE071F0}.Release|Win32.Deploy.0 = Release|Win32
		{698D31C8-CB6E-4987-9CE1-7A214DE071F0}.Release|x64.ActiveCfg = Release|x64
		{698D31C8-CB6E-4987-9CE1-7A214DE071F0}.Release|x64.Build.0 = Release|x64
		{698D31C8-CB6E-4987-9CE1-7A214DE071F0}.Release|x64.Deploy.0 = Release|x64
		{F62A7981-1287-440C-A4E8-3E50B4FAD418}.Debug|Win32.ActiveCfg = Debug|Win32
		{F62A7981-1287-440C-A4E8-3E50B4FAD418}.Debug|Win32.Build.0 = Debug|Win32
		{F62A7981-1287-440C-A4E8-3E50B4FAD418}.Debug|Win32.Deploy.0 = Debug|Win32
		{F62A7981-1287-440C-A4E8-3E50B4FAD418}.Debug|x64.ActiveCfg = Debug|x64
		{F62A7981-1287-440C-A4E8-3E50B4FAD418}.Debug|x64.Build.0 = Debug|x64
		{F62A7981-1287-440C-A4E8-3E50B4FAD418}.Debug|x64.Deploy.0 = Debug|x64
		{F62A7981-1287-440C-A4E8-3E50B4FAD418}.Release|Win32.ActiveCfg = Release|Win32
		{F62A7981-1287-440C-A4E8-3E50B4FAD418}.Release|Win32.Build.0 = Release|Win32
		{F62A7981-1287-440C-A4E8-3E50B4FAD418}.Release|Win32.Deploy.0 = Release|Win32
		{F62A7981-1287-440C-A4E8-3E50B4FAD418}.Release|x64.ActiveCfg = Release|x64
		{F62A7981-1287-440C-A4E8-3E50B4FAD418}.Release|x64.Build.0 = Release|x64
		{F62A7981-1287-440C-A4E8-3E50B4FAD418}.Release|x64.Deploy.0 = Release|x64
		{65B87879-8DC7-471F-B59D-74F80B3AF4B9}.Debug|Win32.ActiveCfg = Debug|Win32
		{65B87879-8DC7-471F-B59D-74F80B3AF4B9}.Debug|Win32.Build.0 = Debug|Win32
		{65B87879-8DC7-471F-B59D-74F80B3AF4B9}.Debug|Win32.Deploy.0 = Debug|Win32
		{65B87879-8DC7-471F-B59D-74F80B3AF4B9}.Debug|x64.ActiveCfg = Debug|x64
		{65B87879-8DC7-471F-B59D-74F80B3AF4B9}.Debug|x64.Build.0 = Debug|x64
		{65B87879-8DC7-471F-B59D-74F80B3AF4B9}.Debug|x64.Deploy.0 = Debug|x64
		{65B87879-8DC7-471F-B59D-74F80B3AF4B9}.Release|Win32.ActiveCfg = Release|Win32
		{65B87879-8DC7-471F-B59D-74F80B3AF4B9}.Release|Win32.Build.0 = Release|Win32
		{65B87879-8DC7-471F-B59D-74F80B3AF4B9}.Release|Win32.Deploy.0 = Release|Win32
		{65B87879-8DC7-471F-B59D-74F80B3AF4B9}.Release|x64.ActiveCfg = Release|x64
		{65B87879-8DC7-471F-B59D-74F80B3AF4B9}.Release|x64.Build.0 = Release|x64
		{65B87879-8DC7-471F-B59D-74F80B3AF4B9}.Release|x64.Deploy.0 = Release|x64
		{4EAC5DF1-655F-40BC-806A-988848E99651}.Debug|Win32.ActiveCfg = Debug|Win32
		{4EAC5DF1-655F-40BC-806A-988848E99651}.Debug|Win32.Build.0 = Debug|Win32
		{4EAC5DF1-655F-40BC-806A-988848E99651}.Debug|Win32.Deploy.0 = Debug|Win32
		{4EAC5DF1-655F-40BC-806A-988848E99651}.Debug|x64.ActiveCfg = Debug|x64
		{4EAC5DF1-655F-40BC-806A-988848E99651}.Debug|x64.Build.0 = Debug|x64
		{4EAC5DF1-655F-40BC-806A-988848E99651}.Debug|x64.Deploy.0 = Debug|x64
		{4EAC5DF1-655F-40BC-806A-988848E99651}.Release|Win32.ActiveCfg = Release|Win32
		{4EAC5DF1-655F-40BC-806A-988848E99651}.Release|Win32.Build.0 = Release|Win32
		{4EAC5DF1-655F-40BC-806A-988848E99651}.Release|Win32.Deploy.0 = Release|Win32
		{4EAC5DF1-655F-40BC-806A-988848E99651}.Release|x64.ActiveCfg = Release|x64
		{4EAC5DF1-655F-40BC-806A-988848E99651}.Release|x64.Build.0 = Release|x64
		{4EAC5DF1-655F-40BC-806A-988848E99651}.Release|x64.Deploy.0 = Release|x64
		{6807BD47-35A4-4CEC-AE52-9F33D8279D8E}.Debug|Win32.ActiveCfg = Debug|Win32
		{6807BD47-35A4-4CEC-AE52-9F33D8279D8E}.Debug|Win32.Build.0 = Debug|Win32
		{6807BD47-35A4-4CEC-AE52-9F33D8279D8E}.Debug|Win32.Deploy.0 = Debug|Win32
		{6807BD47-35A4-4CEC-AE52-9F33D8279D8E}.Debug|x64.ActiveCfg = Debug|x64
		{6807BD47-35A4-4CEC-AE52-9F33D8279D8E}.Debug|x64.Build.0 = Debug|x64
		{6807BD47-35A4-4CEC-AE52-9F33D8279D8E}.Debug|x64.Deploy.0 = Debug|x64
		{6807BD47-35A4-4CEC-AE52-9F33D8279D8E}.Release|Win32.ActiveCfg = Release|Win32
		{6807BD47-35A4-4CEC-AE52-9F33D8279D8E}.Release|Win32.Build.0 = Release|Win32
		{6807BD47-35A4-4CEC-AE52-9F33D8279D8E}.Release|Win32.Deploy.0 = Release|Win32
		{6807BD47-35A4-4CEC-AE52-9F33D8279D8E}.Release|x64.ActiveCfg = Release|x64
		{6807BD47-35A4-4CEC-AE52-9F33D8279D8E}.Release|x64.Build.0 = Release|x64
		{6807BD47-35A4-4CEC-AE52-9F33D8279D8E}.Release|x64.Deploy.0 = Release|x64
		{0E393A7C-F918-4667-978F-EFEE1A1420B1}.Debug|Win32.ActiveCfg = Debug|Win32
		{0E393A7C-F918-4667-978F-EFEE1A1420B1}.Debug|Win32.Build.0 = Debug|Win32
		{0E393A7C-F918-4667-978F-EFEE1A1420B1}.Debug|Win32.Deploy.0 = Debug|Win32
		{0E393A7C-F918-4667-978F-EFEE1A1420B1}.Debug|x64.ActiveCfg = Debug|x64
		{0E393A7C-F918-4667-978F-EFEE1A1420B1}.Debug|x64.Build.0 = Debug|x64
		{0E393A7C-F918-4667-978F-EFEE1A1420B1}.Debug|x64.Deploy.0 = Debug|x64
		{0E393A7C-F918-4667-978F-EFEE1A1420B1}.Release|Win32.ActiveCfg = Release|Win32
		{0E393A7C-F918-4667-978F-EFEE1A1420B1}.Release|Win32.Build.0 = Release|Win32
		{0E393A7C-F918-4667-978F-EFEE1A1420B1}.Release|Win32.Deploy.0 = Release|Win32
		{0E393A7C-F918-4667-978F-EFEE1A1420B1}.Release|x64.ActiveCfg = Release|x64
		{0E393A7C-F918-4667-978F-EFEE1A1420B1}.Release|x64.Build.0 = Release|x64
		{0E393A7C-F918-4667-978F-EFEE1A1420B1}.Release|x64.Deploy.0 = Release|x64
		{AC48A1C1-6857-4F56-9CFD-B5F2161E48F9}.Debug|Win32.ActiveCfg = Debug|Win32
		{AC48A1C1-6857-4F56-9CFD-B5F2161E48F9}.Debug|Win32.Build.0 = Debug|Win32
		{AC48A1C1-6857-4F56-9CFD-B5F2161E48F9}.Debug|Win32.Deploy.0 = Debug|Win32
		{AC48A1C1-6857-4F56-9CFD-B5F2161E48F9}.Debug|x64.ActiveCfg = Debug|x64
		{AC48A1C1-6857-4F56-9CFD-B5F2161E48F9}.Debug|x64.Build.0 = Debug|x64
		{AC48A1C1-6857-4F56-9CFD-B5F2161E48F9}.Debug|x64.Deploy.0 = Debug|x64
		{AC48A1C1-6857-4F56-9CFD-B5F2161E48F9}.Release|Win32.ActiveCfg = Release|Win32
		{AC48A1C1-6857-4F56-9CFD-B5F2161E48F9}.Release|Win32.Build.0 = Release|Win32
		{AC48A1C1-6857-4F56-9CFD-B5F2161E48F9}.Release|Win32.Deploy.0 = Release|Win32
		{AC48A1C1-6857-4F56-9CFD-B5F2161E48F9}.Release|x64.ActiveCfg = Release|x64
		{AC48A1C1-6857-4F56-9CFD-B5F2161E48F9}.Release|x64.Build.0 = Release|x64
		{AC48A1C1-6857-4F56-9CFD-B5F2161E48F9}.Release|x64.Deploy.0 = Release|x64
		{DD1BC971-E4B9-4108-A505-F94FFAD3037C}.Debug|Win32.ActiveCfg = Debug|Win32
		{DD1BC971-E4B9-4108-A505-F94FFAD3037C}.Debug|Win32.Build.0 = Debug|Win32
		{DD1BC971-E4B9-4108-A505-F94FFAD3037C}.Debug|Win32.Deploy.0 = Debug|Win32
		{DD1BC971-E4B9-4108-A505-F94FFAD3037C}.Debug|x64.ActiveCfg = Debug|x64
		{DD1BC971-E4B9-4108-A505-F94FFAD3037C}.Debug|x64.Build.0 = Debug|x64
		{DD1BC971-E4B9-4108-A505-F94FFAD3037C}.Debug|x64.Deploy.0 = Debug|x64
		{DD1BC971-E4B9-4108-A505-F94FFAD3037C}.Release|Win32.ActiveCfg = Release|Win32
		{DD1BC971-E4B9-4108-A505-F94FFAD3037C}.Release|Win32.Build.0 = Release|Win32
		{DD1BC971-E4B9-4108-A505-F94FFAD3037C}.Release|Win32.Deploy.0 = Release|Win32
		{DD1BC971-E4B9-4108-A505-F94FFAD3037C}.Release|x64.ActiveCfg = Release|x64
		{DD1BC971-E4B9-4108-A505-F94FFAD3037C}.Release|x64.Build.0 = Release|x64
		{DD1BC971-E4B9-4108-A505-F94FFAD3037C}.Release|x64.Deploy.0 = Release|x64
		{5B8DFFBF-EC34-40E7-9A35-B13B3EA12551}.Debug|Win32.ActiveCfg = Debug|Win32
		{5B8DFFBF-EC34-40E7-9A35-B13B3EA12551}.Debug|Win32.Build.0 = Debug|Win32
		{5B8DFFBF-EC34-40E7-9A35-B13B3EA12551}.Debug|Win32.Deploy.0 = Debug|Win32
		{5B8DFFBF-EC34-40E7-9A35-B13B3EA12551}.Debug|x64.ActiveCfg = Debug|x64
		{5B8DFFBF-EC34-40E7-9A35-B13B3EA12551}.Debug|x64.Build.0 = Debug|x64
		{5B8DFFBF-EC34-40E7-9A35-B13B3EA12551}.Debug|x64.Deploy.0 = Debug|x64
		{5B8DFFBF-EC34-40E7-9A35-B13B3EA12551}.Release|Win32.ActiveCfg = Release|Win32
		{5B8DFFBF-EC34-40E7-9A35-B13B3EA12551}.Release|Win32.Build.0 = Release|Win32
		{5B8DFFBF-EC34-40E7-9A35-B13B3EA12551}.Release|Win32.Deploy.0 = Release|Win32
		{5B8DFFBF-EC34-40E7-9A35-B13B3EA12551}.Release|x64.ActiveCfg = Release|x64
		{5B8DFFBF-EC34-40E7-9A35-B13B3EA12551}.Release|x64.Build.0 = Release|x64
		{5B8DFFBF-EC34-40E7-9A35-B13B3EA12551}.Release|x64.Deploy.0 = Release|x64
		{D35D3850-91C1-487D-8650-595B650C2671}.Debug|Win32.ActiveCfg = Debug|Win32
		{D35D3850-91C1-487D-8650-595B650C2671}.Debug|Win32.Build.0 = Debug|Win32
		{D35D3850-91C1-487D-8650-595B650C2671}.Debug|Win32.Deploy.0 = Debug|Win32
		{D35D3850-91C1-487D-8650-595B650C2671}.Debug|x64.ActiveCfg = Debug|x64
		{D35D3850-91C1-487D-8650-595B650C2671}.Debug|x64.Build.0 = Debug|x64
		{D35D3850-91C1-487D-8650-595B650C2671}.Debug|x64.Deploy.0 = Debug|x64
		{D35D3850-91C1-487D-8650-595B650C2671}.Release|Win32.ActiveCfg = Release|Win32
		{D35D3850-91C1-487D-8650-595B650C2671}.Release|Win32.Build.0 = Release|Win32
		{D35D3850-91C1-487D-8650-595B650C2671}.Release|Win32.Deploy.0 = Release|Win32
		{D35D3850-91C1-487D-8650-595B650C2671}.Release|x64.ActiveCfg = Release|x64
		{D35D3850-91C1-487D-8650-595B650C2671}.Release|x64.Build.0 = Release|x64
		{D35D3850-91C1-487D-8650-595B650C2671}.Release|x64.Deploy.0 = Release|x64
		{96FDFDDC-5B87-4822-AA9B-1E2A2EC82AC1}.Debug|Win32.ActiveCfg = Debug|Win32
		{96FDFDDC-5B87-4822-AA9B-1E2A2EC82AC1}.Debug|Win32.Build.0 = Debug|Win32
		{96FDFDDC-5B87-4822-AA9B-1E2A2EC82AC1}.Debug|Win32.Deploy.0 = Debug|Win32
		{96FDFDDC-5B87-4822-AA9B-1E2A2EC82AC1}.Debug|x64.ActiveCfg = Debug|x64
		{96FDFDDC-5B87-4822-AA9B-1E2A2EC82AC1}.Debug|x64.Build.0 = Debug|x64
		{96FDFDDC-5B87-4822-AA9B-1E2A2EC82AC1}.Debug|x64.Deploy.0 = Debug|x64
		{96FDFDDC-5B87-4822-AA9B-1E2A2EC82AC1}.Release|Win32.ActiveCfg = Release|Win32
		{96FDFDDC-5B87-4822-AA9B-1E2A2EC82AC1}.Release|Win32.Build.0 = Release|Win32
		{96FDFDDC-5B87-4822-AA9B-1E2A2EC82AC1}.Release|Win32.Deploy.0 = Release|Win32
		{96FDFDDC-5B87-4822-AA9B-1E2A2EC82AC1}.Release|x64.ActiveCfg = Release|x64
		{96FDFDDC-5B87-4822-AA9B-1E2A2EC82AC1}.Release|x64.Build.0 = Release|x64
		{96FDFDDC-5B87-4822-AA9B-1E2A2EC82AC1}.Release|x64.Deploy.0 = Release|x64
		{3156CEB9-C2CC-4C43-904E-A277F092E496}.Debug|Win32.ActiveCfg = Debug|Win32
		{3156CEB9-C2CC-4C43-904E-A277F092E496}.Debug|Win32.Build.0 = Debug|Win32
		{3156CEB9-C2CC-4C43-904E-A277F092E496}.Debug|Win32.Deploy.0 = Debug|Win32
		{3156CEB9-C2CC-4C43-904E-A277F092E496}.Debug|x64.ActiveCfg = Debug|x64
		{3156CEB9-C2CC-4C43-904E-A277F092E496}.Debug|x64.Build.0 = Debug|x64
		{3156CEB9-C2CC-4C43-904E-A277F092E496}.Debug|x64.Deploy.0 = Debug|x64
		{3156CEB9-C2CC-4C43-904E-A277F092E496}.Release|Win32.ActiveCfg = Release|Win32
		{3156CEB9-C2CC-4C43-904E-A277F092E496}.Release|Win32.Build.0 = Release|Win32
		{3156CEB9-C2CC-4C43-904E-A277F092E496}.Release|Win32.Deploy.0 = Release|Win32
		{3156CEB9-C2CC-4C43-904E-A277F092E496}.Release|x64.ActiveCfg = Release|x64
		{3156CEB9-C2CC-4C43-904E-A277F092E496}.Release|x64.Build.0 = Release|x64
		{3156CEB9-C2CC-4C43-904E-A277F092E496}.Release|x64.Deploy.0 = Release|x64
		{29E824D0-BA8B-4BA2-A74C-15875595BF3C}.Debug|Win32.ActiveCfg = Debug|Win32
		{29E824D0-BA8B-4BA2-A74C-15875595BF3C}.Debug|Win32.Build.0 = Debug|Win32
		{29E824D0-BA8B-4BA2-A74C-15875595BF3C}.Debug|Win32.Deploy.0 = Debug|Win32
		{29E824D0-BA8B-4BA2-A74C-15875595BF3C}.Debug|x64.ActiveCfg = Debug|x64
		{29E824D0-BA8B-4BA2-A74C-15875595BF3C}.Debug|x64.Build.0 = Debug|x64
		{29E824D0-BA8B-4BA2-A74C-15875595BF3C}.Debug|x64.Deploy.0 = Debug|x64
		{29E824D0-BA8B-4BA2-A74C-15875595BF3C}.Release|Win32.ActiveCfg = Release|Win32
		{29E824D0-BA8B-4BA2-A74C-15875595BF3C}.Release|Win32.Build.0 = Release|Win32
		{29E824D0-BA8B-4BA2-A74C-15875595BF3C}.Release|Win32.Deploy.0 = Release|Win32
		{29E824D0-BA8B-4BA2-A74C-15875595BF3C}.Release|x64.ActiveCfg = Release|x64
		{29E824D0-BA8B-4BA2-A74C-15875595BF3C}.Release|x64.Build.0 = Release|x64
		{29E824D0-BA8B-4BA2-A74C-15875595BF3C}.Release|x64.Deploy.0 = Release|x64
		{CEE4368C-211F-4998-99D2-0428A529D4B1}.Debug|Win32.ActiveCfg = Debug|Win32
		{CEE4368C-211F-4998-99D2-0428A529D4B1}.Debug|Win32.Build.0 = Debug|Win32
		{CEE4368C-211F-4998-99D2-0428A529D4B1}.Debug|Win32.Deploy.0 = Debug|Win32
		{CEE4368C-211F-4998-99D2-0428A529D4B1}.Debug|x64.ActiveCfg = Debug|x64
		{CEE4368C-211F-4998-99D2-0428A529D4B1}.Debug|x64.Build.0 = Debug|x64
		{CEE4368C-211F-4998-99D2-0428A529D4B1}.Debug|x64.Deploy.0 = Debug|x64
		{CEE4368C-211F-4998-99D2-0428A529D4B1}.Release|Win32.ActiveCfg = Release|Win32
		{CEE4368C-211F-4998-99D2-0428A529D4B1}.Release|Win32.Build.0 = Release|Win32
		{CEE4368C-211F-4998-99D2-0428A529D4B1}.Release|Win32.Deploy.0 = Release|Win32
		{CEE4368C-211F-4998-99D2-0428A529D4B1}.Release|x64.ActiveCfg = Release|x64
		{CEE4368C-211F-4998-99D2-0428A529D4B1}.Release|x64.Build.0 = Release|x64
		{CEE4368C-211F-4998-99D2-0428A529D4B1}.Release|x64.Deploy.0 = Release|x64
		{D5120F50-55FE-4E2D-8088-19C6B0816778}.Debug|Win32.ActiveCfg = Debug|Win32
		{D5120F50-55FE-4E2D-8088-19C6B0816778}.Debug|Win32.Build.0 = Debug|Win32
		{D5120F50-55FE-4E2D-8088-19C6B0816778}.Debug|Win32.Deploy.0 = Debug|Win32
		{D5120F50-55FE-4E2D-8088-19C6B0816778}.Debug|x64.ActiveCfg = Debug|x64
		{D5120F50-55FE-4E2D-8088-19C6B0816778}.Debug|x64.Build.0 = Debug|x64
		{D5120F50-55FE-4E2D-8088-19C6B0816778}.Debug|x64.Deploy.0 = Debug|x64
		{D5120F50-55FE-4E2D-8088-19C6B0816778}.Release|Win32.ActiveCfg = Release|Win32
		{D5120F50-55FE-4E2D-8088-19C6B0816778}.Release|Win32.Build.0 = Release|Win32
		{D5120F50-55FE-4E2D-8088-19C6B0816778}.Release|Win32.Deploy.0 = Release|Win32
		{D5120F50-55FE-4E2D-8088-19C6B0816778}.Release|x64.ActiveCfg = Release|x64
		{D5120F50-55FE-4E2D-8088-19C6B0816778}.Release|x64.Build.0 = Release|x64
		{D5120F50-55FE-4E2D-8088-19C6B0816778}.Release|x64.Deploy.0 = Release|x64
		{C9E3DEC2-3EDC-4B8E-9B27-0FA682F52810}.Debug|Win32.ActiveCfg = Debug|Win32
		{C9E3DEC2-3EDC-4B8E-9B27-0FA682F52810}.Debug|Win32.Build.0 = Debug|Win32
		{C9E3DEC2-3EDC-4B8E-9B27-0FA682F52810}.Debug|Win32.Deploy.0 = Debug|Win32
		{C9E3DEC2-3EDC-4B8E-9B27-0FA682F52810}.Debug|x64.ActiveCfg = Debug|x64
		{C9E3DEC2-3EDC-4B8E-9B27-0FA682F52810}.Debug|x64.Build.0 = Debug|x64
		{C9E3DEC2-3EDC-4B8E-9B27-0FA682F52810}.Debug|x64.Deploy.0 = Debug|x64
		{C9E3DEC2-3EDC-4B8E-9B27-0FA682F52810}.Release|Win32.ActiveCfg = Release|Win32
		{C9E3DEC2-3EDC-4B8E-9B27-0FA682F52810}.Release|Win32.Build.0 = Release|Win32
		{C9E3DEC2-3EDC-4B8E-9B27-0FA682F52810}.Release|Win32.Deploy.0 = Release|Win32
		{C9E3DEC2-3EDC-4B8E-9B27-0FA682F52810}.Release|x64.ActiveCfg = Release|x64
		{C9E3DEC2-3EDC-4B8E-9B27-0FA682F52810}.Release|x64.Build.0 = Release|x64
		{C9E3DEC2-3EDC-4B8E-9B27-0FA682F52810}.Release|x64.Deploy.0 = Release|x64
		{1C8AB887-A2D8-4AF8-8152-827169D409FD}.Debug|Win32.ActiveCfg = Debug|Win32
		{1C8AB887-A2D8-4AF8-8152-827169D409FD}.Debug|Win32.Build.0 = Debug|Win32
		{1C8AB887-A2D8-4AF8-8152-827169D409FD}.Debug|Win32.Deploy.0 = Debug|Win32
		{1C8AB887-A2D8-4AF8-8152-827169D409FD}.Debug|x64.ActiveCfg = Debug|x64
		{1C8AB887-A2D8-4AF8-8152-827169D409FD}.Debug|x64.Build.0 = Debug|x64
		{1C8AB887-A2D8-4AF8-8152-827169D409FD}.Debug|x64.Deploy.0 = Debug|x64
		{1C8AB887-A2D8-4AF8-8152-827169D409FD}.Release|Win32.ActiveCfg = Release|Win32
		{1C8AB887-A2D8-4AF8-8152-827169D409FD}.Release|Win32.Build.0 = Release|Win32
		{1C8AB887-A2D8-4AF8-8152-827169D409FD}.Release|Win32.Deploy.0 = Release|Win32
		{1C8AB887-A2D8-4AF8-8152-827169D409FD}.Release|x64.ActiveCfg = Release|x64
		{1C8AB887-A2D8-4AF8-8152-827169D409FD}.Release|x64.Build.0 = Release|x64
		{1C8AB887-A2D8-4AF8-8152-827169D409FD}.Release|x64.Deploy.0 = Release|x64
		{FA2B0298-EEEF-422F-809B-9CE482074A17}.Debug|Win32.ActiveCfg = Debug|Win32
		{FA2B0298-EEEF-422F-809B-9CE482074A17}.Debug|Win32.Build.0 = Debug|Win32
		{FA2B0298-EEEF-422F-809B-9CE482074A17}.Debug|Win32.Deploy.0 = Debug|Win32
		{FA2B0298-EEEF-422F-809B-9CE482074A17}.Debug|x64.ActiveCfg = Debug|x64
		{FA2B0298-EEEF-422F-809B-9CE482074A17}.Debug|x64.Build.0 = Debug|x64
		{FA2B0298-EEEF-422F-809B-9CE482074A17}.Debug|x64.Deploy.0 = Debug|x64
		{FA2B0298-EEEF-422F-809B-9CE482074A17}.Release|Win32.ActiveCfg = Release|Win32
		{FA2B0298-EEEF-422F-809B-9CE482074A17}.Release|Win32.Build.0 = Release|Win32
		{FA2B0298-EEEF-422F-809B-9CE482074A17}.Release|Win32.Deploy.0 = Release|Win32
		{FA2B0298-EEEF-422F-809B-9CE482074A17}.Release|x64.ActiveCfg = Release|x64
		{FA2B0298-EEEF-422F-809B-9CE482074A17}.Release|x64.Build.0 = Release|x64
		{FA2B0298-EEEF-422F-809B-9CE482074A17}.Release|x64.Deploy.0 = Release|x64
		{85C250EA-CAF6-44A7-BCA9-079BC0D2916E}.Debug|Win32.ActiveCfg = Debug|Win32
		{85C250EA-CAF6-44A7-BCA9-079BC0D2916E}.Debug|Win32.Build.0 = Debug|Win32
		{85C250EA-CAF6-44A7-BCA9-079BC0D2916E}.Debug|Win32.Deploy.0 = Debug|Win32
		{85C250EA-CAF6-44A7-BCA9-079BC0D2916E}.Debug|x64.ActiveCfg = Debug|x64
		{85C250EA-CAF6-44A7-BCA9-079BC0D2916E}.Debug|x64.Build.0 = Debug|x64
		{85C250EA-CAF6-44A7-BCA9-079BC0D2916E}.Debug|x64.Deploy.0 = Debug|x64
		{85C250EA-CAF6-44A7-BCA9-079BC0D2916E}.Release|Win32.ActiveCfg = Release|Win32
		{85C250EA-CAF6-44A7-BCA9-079BC0D2916E}.Release|Win32.Build.0 = Release|Win32
		{85C250EA-CAF6-44A7-BCA9-079BC0D2916E}.Release|Win32.Deploy.0 = Release|Win32
		{85C250EA-CAF6-44A7-BCA9-079BC0D2916E}.Release|x64.ActiveCfg = Release|x64
		{85C250EA-CAF6-44A7-BCA9-079BC0D2916E}.Release|x64.Build.0 = Release|x64
		{85C250EA-CAF6-44A7-BCA9-079BC0D2916E}.Release|x64.Deploy.0 = Release|x64
	EndGlobalSection
	GlobalSection(SolutionProperties) = preSolution
		HideSolutionNode = FALSE
	EndGlobalSection
EndGlobal
